
Microsoft Visual Studio Solution File, Format Version 12.00
# Visual Studio Version 16
VisualStudioVersion = 16.0.31112.23
MinimumVisualStudioVersion = 10.0.40219.1
Project("{FAE04EC0-301F-11D3-BF4B-00C04F79EFBC}") = "Wikimedia", "Wikimedia.csproj", "{18A7E354-6981-476A-B2C6-92122493A84D}"
EndProject
Global
	GlobalSection(SolutionConfigurationPlatforms) = preSolution
		Debug|Any CPU = Debug|Any CPU
		Release|Any CPU = Release|Any CPU
	EndGlobalSection
	GlobalSection(ProjectConfigurationPlatforms) = postSolution
		{18A7E354-6981-476A-B2C6-92122493A84D}.Debug|Any CPU.ActiveCfg = Debug|Any CPU
		{18A7E354-6981-476A-B2C6-92122493A84D}.Debug|Any CPU.Build.0 = Debug|Any CPU
		{18A7E354-6981-476A-B2C6-92122493A84D}.Release|Any CPU.ActiveCfg = Release|Any CPU
		{18A7E354-6981-476A-B2C6-92122493A84D}.Release|Any CPU.Build.0 = Release|Any CPU
	EndGlobalSection
	GlobalSection(SolutionProperties) = preSolution
		HideSolutionNode = FALSE
	EndGlobalSection
	GlobalSection(ExtensibilityGlobals) = postSolution
		SolutionGuid = {77893A00-0244-474D-B4AE-C0933F4741C3}
	EndGlobalSection
EndGlobal
